
Microsoft Visual Studio Solution File, Format Version 12.00
# Visual Studio 15
Project("{FAE04EC0-301F-11D3-BF4B-00C04F79EFBC}") = "Assembly-CSharp", "Assembly-CSharp.csproj", "{96B73E2A-DD90-DB55-0CE4-A1DD2D238B44}"
EndProject
Project("{FAE04EC0-301F-11D3-BF4B-00C04F79EFBC}") = "Assembly-CSharp-Editor", "Assembly-CSharp-Editor.csproj", "{5110A76A-A9FC-862A-DBFB-CC26AA811D00}"
EndProject
Global
	GlobalSection(SolutionConfigurationPlatforms) = preSolution
		Debug|Any CPU = Debug|Any CPU
		Release|Any CPU = Release|Any CPU
	EndGlobalSection
	GlobalSection(ProjectConfigurationPlatforms) = postSolution
		{96B73E2A-DD90-DB55-0CE4-A1DD2D238B44}.Debug|Any CPU.ActiveCfg = Debug|Any CPU
		{96B73E2A-DD90-DB55-0CE4-A1DD2D238B44}.Debug|Any CPU.Build.0 = Debug|Any CPU
		{96B73E2A-DD90-DB55-0CE4-A1DD2D238B44}.Release|Any CPU.ActiveCfg = Release|Any CPU
		{96B73E2A-DD90-DB55-0CE4-A1DD2D238B44}.Release|Any CPU.Build.0 = Release|Any CPU
		{5110A76A-A9FC-862A-DBFB-CC26AA811D00}.Debug|Any CPU.ActiveCfg = Debug|Any CPU
		{5110A76A-A9FC-862A-DBFB-CC26AA811D00}.Debug|Any CPU.Build.0 = Debug|Any CPU
		{5110A76A-A9FC-862A-DBFB-CC26AA811D00}.Release|Any CPU.ActiveCfg = Release|Any CPU
		{5110A76A-A9FC-862A-DBFB-CC26AA811D00}.Release|Any CPU.Build.0 = Release|Any CPU
	EndGlobalSection
	GlobalSection(SolutionProperties) = preSolution
		HideSolutionNode = FALSE
	EndGlobalSection
EndGlobal
